// !$*UTF8*$!
{
	archiveVersion = 1;
	classes = {
	};
	objectVersion = 50;
	objects = {

/* Begin PBXBuildFile section */
		A4358476243ADEA3004432DA /* AppDelegate.swift in Sources */ = {isa = PBXBuildFile; fileRef = A4358475243ADEA3004432DA /* AppDelegate.swift */; };
		A4358478243ADEA3004432DA /* SceneDelegate.swift in Sources */ = {isa = PBXBuildFile; fileRef = A4358477243ADEA3004432DA /* SceneDelegate.swift */; };
		A435847A243ADEA3004432DA /* ViewController.swift in Sources */ = {isa = PBXBuildFile; fileRef = A4358479243ADEA3004432DA /* ViewController.swift */; };
		A435847D243ADEA3004432DA /* Main.storyboard in Resources */ = {isa = PBXBuildFile; fileRef = A435847B243ADEA3004432DA /* Main.storyboard */; };
		A435847F243ADEA5004432DA /* Assets.xcassets in Resources */ = {isa = PBXBuildFile; fileRef = A435847E243ADEA5004432DA /* Assets.xcassets */; };
		A4358482243ADEA5004432DA /* LaunchScreen.storyboard in Resources */ = {isa = PBXBuildFile; fileRef = A4358480243ADEA5004432DA /* LaunchScreen.storyboard */; };
		A435848A243ADEB9004432DA /* TriangleView.swift in Sources */ = {isa = PBXBuildFile; fileRef = A4358489243ADEB9004432DA /* TriangleView.swift */; };
		A4358496243AEA45004432DA /* UIImage+Extension.swift in Sources */ = {isa = PBXBuildFile; fileRef = A4358495243AEA45004432DA /* UIImage+Extension.swift */; };
		A4449AA3243B063E00139ECE /* AppConfig.swift in Sources */ = {isa = PBXBuildFile; fileRef = A4449AA2243B063E00139ECE /* AppConfig.swift */; };
/* End PBXBuildFile section */

/* Begin PBXFileReference section */
		A4358472243ADEA3004432DA /* testIOS.app */ = {isa = PBXFileReference; explicitFileType = wrapper.application; includeInIndex = 0; path = testIOS.app; sourceTree = BUILT_PRODUCTS_DIR; };
		A4358475243ADEA3004432DA /* AppDelegate.swift */ = {isa = PBXFileReference; lastKnownFileType = sourcecode.swift; path = AppDelegate.swift; sourceTree = "<group>"; };
		A4358477243ADEA3004432DA /* SceneDelegate.swift */ = {isa = PBXFileReference; lastKnownFileType = sourcecode.swift; path = SceneDelegate.swift; sourceTree = "<group>"; };
		A4358479243ADEA3004432DA /* ViewController.swift */ = {isa = PBXFileReference; lastKnownFileType = sourcecode.swift; path = ViewController.swift; sourceTree = "<group>"; };
		A435847C243ADEA3004432DA /* Base */ = {isa = PBXFileReference; lastKnownFileType = file.storyboard; name = Base; path = Base.lproj/Main.storyboard; sourceTree = "<group>"; };
		A435847E243ADEA5004432DA /* Assets.xcassets */ = {isa = PBXFileReference; lastKnownFileType = folder.assetcatalog; path = Assets.xcassets; sourceTree = "<group>"; };
		A4358481243ADEA5004432DA /* Base */ = {isa = PBXFileReference; lastKnownFileType = file.storyboard; name = Base; path = Base.lproj/LaunchScreen.storyboard; sourceTree = "<group>"; };
		A4358483243ADEA5004432DA /* Info.plist */ = {isa = PBXFileReference; lastKnownFileType = text.plist.xml; path = Info.plist; sourceTree = "<group>"; };
		A4358489243ADEB9004432DA /* TriangleView.swift */ = {isa = PBXFileReference; lastKnownFileType = sourcecode.swift; path = TriangleView.swift; sourceTree = "<group>"; };
		A4358495243AEA45004432DA /* UIImage+Extension.swift */ = {isa = PBXFileReference; lastKnownFileType = sourcecode.swift; path = "UIImage+Extension.swift"; sourceTree = "<group>"; };
		A4449AA2243B063E00139ECE /* AppConfig.swift */ = {isa = PBXFileReference; lastKnownFileType = sourcecode.swift; path = AppConfig.swift; sourceTree = "<group>"; };
/* End PBXFileReference section */

/* Begin PBXFrameworksBuildPhase section */
		A435846F243ADEA3004432DA /* Frameworks */ = {
			isa = PBXFrameworksBuildPhase;
			buildActionMask = 2147483647;
			files = (
			);
			runOnlyForDeploymentPostprocessing = 0;
		};
/* End PBXFrameworksBuildPhase section */

/* Begin PBXGroup section */
		A4358469243ADEA3004432DA = {
			isa = PBXGroup;
			children = (
				A4358474243ADEA3004432DA /* testIOS */,
				A4358473243ADEA3004432DA /* Products */,
			);
			sourceTree = "<group>";
		};
		A4358473243ADEA3004432DA /* Products */ = {
			isa = PBXGroup;
			children = (
				A4358472243ADEA3004432DA /* testIOS.app */,
			);
			name = Products;
			sourceTree = "<group>";
		};
		A4358474243ADEA3004432DA /* testIOS */ = {
			isa = PBXGroup;
			children = (
				A4358475243ADEA3004432DA /* AppDelegate.swift */,
				A4358477243ADEA3004432DA /* SceneDelegate.swift */,
				A4358479243ADEA3004432DA /* ViewController.swift */,
				A435847B243ADEA3004432DA /* Main.storyboard */,
				A435847E243ADEA5004432DA /* Assets.xcassets */,
				A4358480243ADEA5004432DA /* LaunchScreen.storyboard */,
				A4358483243ADEA5004432DA /* Info.plist */,
				A4358489243ADEB9004432DA /* TriangleView.swift */,
				A4358495243AEA45004432DA /* UIImage+Extension.swift */,
				A4449AA2243B063E00139ECE /* AppConfig.swift */,
			);
			path = testIOS;
			sourceTree = "<group>";
		};
/* End PBXGroup section */

/* Begin PBXNativeTarget section */
		A4358471243ADEA3004432DA /* testIOS */ = {
			isa = PBXNativeTarget;
			buildConfigurationList = A4358486243ADEA5004432DA /* Build configuration list for PBXNativeTarget "testIOS" */;
			buildPhases = (
				A435846E243ADEA3004432DA /* Sources */,
				A435846F243ADEA3004432DA /* Frameworks */,
				A4358470243ADEA3004432DA /* Resources */,
			);
			buildRules = (
			);
			dependencies = (
			);
			name = testIOS;
			productName = testIOS;
			productReference = A4358472243ADEA3004432DA /* testIOS.app */;
			productType = "com.apple.product-type.application";
		};
/* End PBXNativeTarget section */

/* Begin PBXProject section */
		A435846A243ADEA3004432DA /* Project object */ = {
			isa = PBXProject;
			attributes = {
				LastSwiftUpdateCheck = 1140;
				LastUpgradeCheck = 1140;
				ORGANIZATIONNAME = "tung hoang";
				TargetAttributes = {
					A4358471243ADEA3004432DA = {
						CreatedOnToolsVersion = 11.4;
					};
				};
			};
			buildConfigurationList = A435846D243ADEA3004432DA /* Build configuration list for PBXProject "testIOS" */;
			compatibilityVersion = "Xcode 9.3";
			developmentRegion = en;
			hasScannedForEncodings = 0;
			knownRegions = (
				en,
				Base,
			);
			mainGroup = A4358469243ADEA3004432DA;
			productRefGroup = A4358473243ADEA3004432DA /* Products */;
			projectDirPath = "";
			projectRoot = "";
			targets = (
				A4358471243ADEA3004432DA /* testIOS */,
			);
		};
/* End PBXProject section */

/* Begin PBXResourcesBuildPhase section */
		A4358470243ADEA3004432DA /* Resources */ = {
			isa = PBXResourcesBuildPhase;
			buildActionMask = 2147483647;
			files = (
				A4358482243ADEA5004432DA /* LaunchScreen.storyboard in Resources */,
				A435847F243ADEA5004432DA /* Assets.xcassets in Resources */,
				A435847D243ADEA3004432DA /* Main.storyboard in Resources */,
			);
			runOnlyForDeploymentPostprocessing = 0;
		};
/* End PBXResourcesBuildPhase section */

/* Begin PBXSourcesBuildPhase section */
		A435846E243ADEA3004432DA /* Sources */ = {
			isa = PBXSourcesBuildPhase;
			buildActionMask = 2147483647;
			files = (
				A435847A243ADEA3004432DA /* ViewController.swift in Sources */,
				A4358496243AEA45004432DA /* UIImage+Extension.swift in Sources */,
				A4358476243ADEA3004432DA /* AppDelegate.swift in Sources */,
				A4449AA3243B063E00139ECE /* AppConfig.swift in Sources */,
				A435848A243ADEB9004432DA /* TriangleView.swift in Sources */,
				A4358478243ADEA3004432DA /* SceneDelegate.swift in Sources */,
			);
			runOnlyForDeploymentPostprocessing = 0;
		};
/* End PBXSourcesBuildPhase section */

/* Begin PBXVariantGroup section */
		A435847B243ADEA3004432DA /* Main.storyboard */ = {
			isa = PBXVariantGroup;
			children = (
				A435847C243ADEA3004432DA /* Base */,
			);
			name = Main.storyboard;
			sourceTree = "<group>";
		};
		A4358480243ADEA5004432DA /* LaunchScreen.storyboard */ = {
			isa = PBXVariantGroup;
			children = (
				A4358481243ADEA5004432DA /* Base */,
			);
			name = LaunchScreen.storyboard;
			sourceTree = "<group>";
		};
/* End PBXVariantGroup section */

/* Begin XCBuildConfiguration section */
		A4358484243ADEA5004432DA /* Debug */ = {
			isa = XCBuildConfiguration;
			buildSettings = {
				ALWAYS_SEARCH_USER_PATHS = NO;
				CLANG_ANALYZER_NONNULL = YES;
				CLANG_ANALYZER_NUMBER_OBJECT_CONVERSION = YES_AGGRESSIVE;
				CLANG_CXX_LANGUAGE_STANDARD = "gnu++14";
				CLANG_CXX_LIBRARY = "libc++";
				CLANG_ENABLE_MODULES = YES;
				CLANG_ENABLE_OBJC_ARC = YES;
				CLANG_ENABLE_OBJC_WEAK = YES;
				CLANG_WARN_BLOCK_CAPTURE_AUTORELEASING = YES;
				CLANG_WARN_BOOL_CONVERSION = YES;
				CLANG_WARN_COMMA = YES;
				CLANG_WARN_CONSTANT_CONVERSION = YES;
				CLANG_WARN_DEPRECATED_OBJC_IMPLEMENTATIONS = YES;
				CLANG_WARN_DIRECT_OBJC_ISA_USAGE = YES_ERROR;
				CLANG_WARN_DOCUMENTATION_COMMENTS = YES;
				CLANG_WARN_EMPTY_BODY = YES;
				CLANG_WARN_ENUM_CONVERSION = YES;
				CLANG_WARN_INFINITE_RECURSION = YES;
				CLANG_WARN_INT_CONVERSION = YES;
				CLANG_WARN_NON_LITERAL_NULL_CONVERSION = YES;
				CLANG_WARN_OBJC_IMPLICIT_RETAIN_SELF = YES;
				CLANG_WARN_OBJC_LITERAL_CONVERSION = YES;
				CLANG_WARN_OBJC_ROOT_CLASS = YES_ERROR;
				CLANG_WARN_RANGE_LOOP_ANALYSIS = YES;
				CLANG_WARN_STRICT_PROTOTYPES = YES;
				CLANG_WARN_SUSPICIOUS_MOVE = YES;
				CLANG_WARN_UNGUARDED_AVAILABILITY = YES_AGGRESSIVE;
				CLANG_WARN_UNREACHABLE_CODE = YES;
				CLANG_WARN__DUPLICATE_METHOD_MATCH = YES;
				COPY_PHASE_STRIP = NO;
				DEBUG_INFORMATION_FORMAT = dwarf;
				ENABLE_STRICT_OBJC_MSGSEND = YES;
				ENABLE_TESTABILITY = YES;
				GCC_C_LANGUAGE_STANDARD = gnu11;
				GCC_DYNAMIC_NO_PIC = NO;
				GCC_NO_COMMON_BLOCKS = YES;
				GCC_OPTIMIZATION_LEVEL = 0;
				GCC_PREPROCESSOR_DEFINITIONS = (
					"DEBUG=1",
					"$(inherited)",
				);
				GCC_WARN_64_TO_32_BIT_CONVERSION = YES;
				GCC_WARN_ABOUT_RETURN_TYPE = YES_ERROR;
				GCC_WARN_UNDECLARED_SELECTOR = YES;
				GCC_WARN_UNINITIALIZED_AUTOS = YES_AGGRESSIVE;
				GCC_WARN_UNUSED_FUNCTION = YES;
				GCC_WARN_UNUSED_VARIABLE = YES;
				IPHONEOS_DEPLOYMENT_TARGET = 13.4;
				MTL_ENABLE_DEBUG_INFO = INCLUDE_SOURCE;
				MTL_FAST_MATH = YES;
				ONLY_ACTIVE_ARCH = YES;
				SDKROOT = iphoneos;
				SWIFT_ACTIVE_COMPILATION_CONDITIONS = DEBUG;
				SWIFT_OPTIMIZATION_LEVEL = "-Onone";
			};
			name = Debug;
		};
		A4358485243ADEA5004432DA /* Release */ = {
			isa = XCBuildConfiguration;
			buildSettings = {
				ALWAYS_SEARCH_USER_PATHS = NO;
				CLANG_ANALYZER_NONNULL = YES;
				CLANG_ANALYZER_NUMBER_OBJECT_CONVERSION = YES_AGGRESSIVE;
				CLANG_CXX_LANGUAGE_STANDARD = "gnu++14";
				CLANG_CXX_LIBRARY = "libc++";
				CLANG_ENABLE_MODULES = YES;
				CLANG_ENABLE_OBJC_ARC = YES;
				CLANG_ENABLE_OBJC_WEAK = YES;
				CLANG_WARN_BLOCK_CAPTURE_AUTORELEASING = YES;
				CLANG_WARN_BOOL_CONVERSION = YES;
				CLANG_WARN_COMMA = YES;
				CLANG_WARN_CONSTANT_CONVERSION = YES;
				CLANG_WARN_DEPRECATED_OBJC_IMPLEMENTATIONS = YES;
				CLANG_WARN_DIRECT_OBJC_ISA_USAGE = YES_ERROR;
				CLANG_WARN_DOCUMENTATION_COMMENTS = YES;
				CLANG_WARN_EMPTY_BODY = YES;
				CLANG_WARN_ENUM_CONVERSION = YES;
				CLANG_WARN_INFINITE_RECURSION = YES;
				CLANG_WARN_INT_CONVERSION = YES;
				CLANG_WARN_NON_LITERAL_NULL_CONVERSION = YES;
				CLANG_WARN_OBJC_IMPLICIT_RETAIN_SELF = YES;
				CLANG_WARN_OBJC_LITERAL_CONVERSION = YES;
				CLANG_WARN_OBJC_ROOT_CLASS = YES_ERROR;
				CLANG_WARN_RANGE_LOOP_ANALYSIS = YES;
				CLANG_WARN_STRICT_PROTOTYPES = YES;
				CLANG_WARN_SUSPICIOUS_MOVE = YES;
				CLANG_WARN_UNGUARDED_AVAILABILITY = YES_AGGRESSIVE;
				CLANG_WARN_UNREACHABLE_CODE = YES;
				CLANG_WARN__DUPLICATE_METHOD_MATCH = YES;
				COPY_PHASE_STRIP = NO;
				DEBUG_INFORMATION_FORMAT = "dwarf-with-dsym";
				ENABLE_NS_ASSERTIONS = NO;
				ENABLE_STRICT_OBJC_MSGSEND = YES;
				GCC_C_LANGUAGE_STANDARD = gnu11;
				GCC_NO_COMMON_BLOCKS = YES;
				GCC_WARN_64_TO_32_BIT_CONVERSION = YES;
				GCC_WARN_ABOUT_RETURN_TYPE = YES_ERROR;
				GCC_WARN_UNDECLARED_SELECTOR = YES;
				GCC_WARN_UNINITIALIZED_AUTOS = YES_AGGRESSIVE;
				GCC_WARN_UNUSED_FUNCTION = YES;
				GCC_WARN_UNUSED_VARIABLE = YES;
				IPHONEOS_DEPLOYMENT_TARGET = 13.4;
				MTL_ENABLE_DEBUG_INFO = NO;
				MTL_FAST_MATH = YES;
				SDKROOT = iphoneos;
				SWIFT_COMPILATION_MODE = wholemodule;
				SWIFT_OPTIMIZATION_LEVEL = "-O";
				VALIDATE_PRODUCT = YES;
			};
			name = Release;
		};
		A4358487243ADEA5004432DA /* Debug */ = {
			isa = XCBuildConfiguration;
			buildSettings = {
				ASSETCATALOG_COMPILER_APPICON_NAME = AppIcon;
				CODE_SIGN_STYLE = Automatic;
				INFOPLIST_FILE = testIOS/Info.plist;
				LD_RUNPATH_SEARCH_PATHS = (
					"$(inherited)",
					"@executable_path/Frameworks",
				);
				PRODUCT_BUNDLE_IDENTIFIER = com.congtung.testIOS;
				PRODUCT_NAME = "$(TARGET_NAME)";
				SWIFT_VERSION = 5.0;
				TARGETED_DEVICE_FAMILY = "1,2";
			};
			name = Debug;
		};
		A4358488243ADEA5004432DA /* Release */ = {
			isa = XCBuildConfiguration;
			buildSettings = {
				ASSETCATALOG_COMPILER_APPICON_NAME = AppIcon;
				CODE_SIGN_STYLE = Automatic;
				INFOPLIST_FILE = testIOS/Info.plist;
				LD_RUNPATH_SEARCH_PATHS = (
					"$(inherited)",
					"@executable_path/Frameworks",
				);
				PRODUCT_BUNDLE_IDENTIFIER = com.congtung.testIOS;
				PRODUCT_NAME = "$(TARGET_NAME)";
				SWIFT_VERSION = 5.0;
				TARGETED_DEVICE_FAMILY = "1,2";
			};
			name = Release;
		};
/* End XCBuildConfiguration section */

/* Begin XCConfigurationList section */
		A435846D243ADEA3004432DA /* Build configuration list for PBXProject "testIOS" */ = {
			isa = XCConfigurationList;
			buildConfigurations = (
				A4358484243ADEA5004432DA /* Debug */,
				A4358485243ADEA5004432DA /* Release */,
			);
			defaultConfigurationIsVisible = 0;
			defaultConfigurationName = Release;
		};
		A4358486243ADEA5004432DA /* Build configuration list for PBXNativeTarget "testIOS" */ = {
			isa = XCConfigurationList;
			buildConfigurations = (
				A4358487243ADEA5004432DA /* Debug */,
				A4358488243ADEA5004432DA /* Release */,
			);
			defaultConfigurationIsVisible = 0;
			defaultConfigurationName = Release;
		};
/* End XCConfigurationList section */
	};
	rootObject = A435846A243ADEA3004432DA /* Project object */;
}
